// !$*UTF8*$!
{
	archiveVersion = 1;
	classes = {
	};
	objectVersion = 50;
	objects = {

/* Begin PBXBuildFile section */
		3385639D23D5FF4B00F3BBFE /* AppDelegate.swift in Sources */ = {isa = PBXBuildFile; fileRef = 3385639C23D5FF4B00F3BBFE /* AppDelegate.swift */; };
		3385639F23D5FF4B00F3BBFE /* GameScene.sks in Resources */ = {isa = PBXBuildFile; fileRef = 3385639E23D5FF4B00F3BBFE /* GameScene.sks */; };
		338563A123D5FF4B00F3BBFE /* Actions.sks in Resources */ = {isa = PBXBuildFile; fileRef = 338563A023D5FF4B00F3BBFE /* Actions.sks */; };
		338563A323D5FF4B00F3BBFE /* GameScene.swift in Sources */ = {isa = PBXBuildFile; fileRef = 338563A223D5FF4B00F3BBFE /* GameScene.swift */; };
		338563A523D5FF4B00F3BBFE /* ViewController.swift in Sources */ = {isa = PBXBuildFile; fileRef = 338563A423D5FF4B00F3BBFE /* ViewController.swift */; };
		338563A723D5FF5800F3BBFE /* Assets.xcassets in Resources */ = {isa = PBXBuildFile; fileRef = 338563A623D5FF5800F3BBFE /* Assets.xcassets */; };
		338563AA23D5FF5800F3BBFE /* Main.storyboard in Resources */ = {isa = PBXBuildFile; fileRef = 338563A823D5FF5800F3BBFE /* Main.storyboard */; };
/* End PBXBuildFile section */

/* Begin PBXFileReference section */
		3385639923D5FF4B00F3BBFE /* WinterAnimation.app */ = {isa = PBXFileReference; explicitFileType = wrapper.application; includeInIndex = 0; path = WinterAnimation.app; sourceTree = BUILT_PRODUCTS_DIR; };
		3385639C23D5FF4B00F3BBFE /* AppDelegate.swift */ = {isa = PBXFileReference; lastKnownFileType = sourcecode.swift; path = AppDelegate.swift; sourceTree = "<group>"; };
		3385639E23D5FF4B00F3BBFE /* GameScene.sks */ = {isa = PBXFileReference; lastKnownFileType = file.sks; path = GameScene.sks; sourceTree = "<group>"; };
		338563A023D5FF4B00F3BBFE /* Actions.sks */ = {isa = PBXFileReference; lastKnownFileType = file.sks; path = Actions.sks; sourceTree = "<group>"; };
		338563A223D5FF4B00F3BBFE /* GameScene.swift */ = {isa = PBXFileReference; lastKnownFileType = sourcecode.swift; path = GameScene.swift; sourceTree = "<group>"; };
		338563A423D5FF4B00F3BBFE /* ViewController.swift */ = {isa = PBXFileReference; lastKnownFileType = sourcecode.swift; path = ViewController.swift; sourceTree = "<group>"; };
		338563A623D5FF5800F3BBFE /* Assets.xcassets */ = {isa = PBXFileReference; lastKnownFileType = folder.assetcatalog; path = Assets.xcassets; sourceTree = "<group>"; };
		338563A923D5FF5800F3BBFE /* Base */ = {isa = PBXFileReference; lastKnownFileType = file.storyboard; name = Base; path = Base.lproj/Main.storyboard; sourceTree = "<group>"; };
		338563AB23D5FF5800F3BBFE /* Info.plist */ = {isa = PBXFileReference; lastKnownFileType = text.plist.xml; path = Info.plist; sourceTree = "<group>"; };
		338563AC23D5FF5800F3BBFE /* WinterAnimation.entitlements */ = {isa = PBXFileReference; lastKnownFileType = text.plist.entitlements; path = WinterAnimation.entitlements; sourceTree = "<group>"; };
/* End PBXFileReference section */

/* Begin PBXFrameworksBuildPhase section */
		3385639623D5FF4B00F3BBFE /* Frameworks */ = {
			isa = PBXFrameworksBuildPhase;
			buildActionMask = 2147483647;
			files = (
			);
			runOnlyForDeploymentPostprocessing = 0;
		};
/* End PBXFrameworksBuildPhase section */

/* Begin PBXGroup section */
		3385639023D5FF4B00F3BBFE = {
			isa = PBXGroup;
			children = (
				3385639B23D5FF4B00F3BBFE /* WinterAnimation */,
				3385639A23D5FF4B00F3BBFE /* Products */,
			);
			sourceTree = "<group>";
		};
		3385639A23D5FF4B00F3BBFE /* Products */ = {
			isa = PBXGroup;
			children = (
				3385639923D5FF4B00F3BBFE /* WinterAnimation.app */,
			);
			name = Products;
			sourceTree = "<group>";
		};
		3385639B23D5FF4B00F3BBFE /* WinterAnimation */ = {
			isa = PBXGroup;
			children = (
				3385639C23D5FF4B00F3BBFE /* AppDelegate.swift */,
				3385639E23D5FF4B00F3BBFE /* GameScene.sks */,
				338563A023D5FF4B00F3BBFE /* Actions.sks */,
				338563A223D5FF4B00F3BBFE /* GameScene.swift */,
				338563A423D5FF4B00F3BBFE /* ViewController.swift */,
				338563A623D5FF5800F3BBFE /* Assets.xcassets */,
				338563A823D5FF5800F3BBFE /* Main.storyboard */,
				338563AB23D5FF5800F3BBFE /* Info.plist */,
				338563AC23D5FF5800F3BBFE /* WinterAnimation.entitlements */,
			);
			path = WinterAnimation;
			sourceTree = "<group>";
		};
/* End PBXGroup section */

/* Begin PBXNativeTarget section */
		3385639823D5FF4B00F3BBFE /* WinterAnimation */ = {
			isa = PBXNativeTarget;
			buildConfigurationList = 338563AF23D5FF5800F3BBFE /* Build configuration list for PBXNativeTarget "WinterAnimation" */;
			buildPhases = (
				3385639523D5FF4B00F3BBFE /* Sources */,
				3385639623D5FF4B00F3BBFE /* Frameworks */,
				3385639723D5FF4B00F3BBFE /* Resources */,
			);
			buildRules = (
			);
			dependencies = (
			);
			name = WinterAnimation;
			productName = WinterAnimation;
			productReference = 3385639923D5FF4B00F3BBFE /* WinterAnimation.app */;
			productType = "com.apple.product-type.application";
		};
/* End PBXNativeTarget section */

/* Begin PBXProject section */
		3385639123D5FF4B00F3BBFE /* Project object */ = {
			isa = PBXProject;
			attributes = {
				LastSwiftUpdateCheck = 1110;
				LastUpgradeCheck = 1110;
				ORGANIZATIONNAME = "Mohamed, Ilana";
				TargetAttributes = {
					3385639823D5FF4B00F3BBFE = {
						CreatedOnToolsVersion = 11.1;
					};
				};
			};
			buildConfigurationList = 3385639423D5FF4B00F3BBFE /* Build configuration list for PBXProject "WinterAnimation" */;
			compatibilityVersion = "Xcode 9.3";
			developmentRegion = en;
			hasScannedForEncodings = 0;
			knownRegions = (
				en,
				Base,
			);
			mainGroup = 3385639023D5FF4B00F3BBFE;
			productRefGroup = 3385639A23D5FF4B00F3BBFE /* Products */;
			projectDirPath = "";
			projectRoot = "";
			targets = (
				3385639823D5FF4B00F3BBFE /* WinterAnimation */,
			);
		};
/* End PBXProject section */

/* Begin PBXResourcesBuildPhase section */
		3385639723D5FF4B00F3BBFE /* Resources */ = {
			isa = PBXResourcesBuildPhase;
			buildActionMask = 2147483647;
			files = (
				3385639F23D5FF4B00F3BBFE /* GameScene.sks in Resources */,
				338563A723D5FF5800F3BBFE /* Assets.xcassets in Resources */,
				338563A123D5FF4B00F3BBFE /* Actions.sks in Resources */,
				338563AA23D5FF5800F3BBFE /* Main.storyboard in Resources */,
			);
			runOnlyForDeploymentPostprocessing = 0;
		};
/* End PBXResourcesBuildPhase section */

/* Begin PBXSourcesBuildPhase section */
		3385639523D5FF4B00F3BBFE /* Sources */ = {
			isa = PBXSourcesBuildPhase;
			buildActionMask = 2147483647;
			files = (
				338563A523D5FF4B00F3BBFE /* ViewController.swift in Sources */,
				338563A323D5FF4B00F3BBFE /* GameScene.swift in Sources */,
				3385639D23D5FF4B00F3BBFE /* AppDelegate.swift in Sources */,
			);
			runOnlyForDeploymentPostprocessing = 0;
		};
/* End PBXSourcesBuildPhase section */

/* Begin PBXVariantGroup section */
		338563A823D5FF5800F3BBFE /* Main.storyboard */ = {
			isa = PBXVariantGroup;
			children = (
				338563A923D5FF5800F3BBFE /* Base */,
			);
			name = Main.storyboard;
			sourceTree = "<group>";
		};
/* End PBXVariantGroup section */

/* Begin XCBuildConfiguration section */
		338563AD23D5FF5800F3BBFE /* Debug */ = {
			isa = XCBuildConfiguration;
			buildSettings = {
				ALWAYS_SEARCH_USER_PATHS = NO;
				CLANG_ANALYZER_NONNULL = YES;
				CLANG_ANALYZER_NUMBER_OBJECT_CONVERSION = YES_AGGRESSIVE;
				CLANG_CXX_LANGUAGE_STANDARD = "gnu++14";
				CLANG_CXX_LIBRARY = "libc++";
				CLANG_ENABLE_MODULES = YES;
				CLANG_ENABLE_OBJC_ARC = YES;
				CLANG_ENABLE_OBJC_WEAK = YES;
				CLANG_WARN_BLOCK_CAPTURE_AUTORELEASING = YES;
				CLANG_WARN_BOOL_CONVERSION = YES;
				CLANG_WARN_COMMA = YES;
				CLANG_WARN_CONSTANT_CONVERSION = YES;
				CLANG_WARN_DEPRECATED_OBJC_IMPLEMENTATIONS = YES;
				CLANG_WARN_DIRECT_OBJC_ISA_USAGE = YES_ERROR;
				CLANG_WARN_DOCUMENTATION_COMMENTS = YES;
				CLANG_WARN_EMPTY_BODY = YES;
				CLANG_WARN_ENUM_CONVERSION = YES;
				CLANG_WARN_INFINITE_RECURSION = YES;
				CLANG_WARN_INT_CONVERSION = YES;
				CLANG_WARN_NON_LITERAL_NULL_CONVERSION = YES;
				CLANG_WARN_OBJC_IMPLICIT_RETAIN_SELF = YES;
				CLANG_WARN_OBJC_LITERAL_CONVERSION = YES;
				CLANG_WARN_OBJC_ROOT_CLASS = YES_ERROR;
				CLANG_WARN_RANGE_LOOP_ANALYSIS = YES;
				CLANG_WARN_STRICT_PROTOTYPES = YES;
				CLANG_WARN_SUSPICIOUS_MOVE = YES;
				CLANG_WARN_UNGUARDED_AVAILABILITY = YES_AGGRESSIVE;
				CLANG_WARN_UNREACHABLE_CODE = YES;
				CLANG_WARN__DUPLICATE_METHOD_MATCH = YES;
				COPY_PHASE_STRIP = NO;
				DEBUG_INFORMATION_FORMAT = dwarf;
				ENABLE_STRICT_OBJC_MSGSEND = YES;
				ENABLE_TESTABILITY = YES;
				GCC_C_LANGUAGE_STANDARD = gnu11;
				GCC_DYNAMIC_NO_PIC = NO;
				GCC_NO_COMMON_BLOCKS = YES;
				GCC_OPTIMIZATION_LEVEL = 0;
				GCC_PREPROCESSOR_DEFINITIONS = (
					"DEBUG=1",
					"$(inherited)",
				);
				GCC_WARN_64_TO_32_BIT_CONVERSION = YES;
				GCC_WARN_ABOUT_RETURN_TYPE = YES_ERROR;
				GCC_WARN_UNDECLARED_SELECTOR = YES;
				GCC_WARN_UNINITIALIZED_AUTOS = YES_AGGRESSIVE;
				GCC_WARN_UNUSED_FUNCTION = YES;
				GCC_WARN_UNUSED_VARIABLE = YES;
				MACOSX_DEPLOYMENT_TARGET = 10.14;
				MTL_ENABLE_DEBUG_INFO = INCLUDE_SOURCE;
				MTL_FAST_MATH = YES;
				ONLY_ACTIVE_ARCH = YES;
				SDKROOT = macosx;
				SWIFT_ACTIVE_COMPILATION_CONDITIONS = DEBUG;
				SWIFT_OPTIMIZATION_LEVEL = "-Onone";
			};
			name = Debug;
		};
		338563AE23D5FF5800F3BBFE /* Release */ = {
			isa = XCBuildConfiguration;
			buildSettings = {
				ALWAYS_SEARCH_USER_PATHS = NO;
				CLANG_ANALYZER_NONNULL = YES;
				CLANG_ANALYZER_NUMBER_OBJECT_CONVERSION = YES_AGGRESSIVE;
				CLANG_CXX_LANGUAGE_STANDARD = "gnu++14";
				CLANG_CXX_LIBRARY = "libc++";
				CLANG_ENABLE_MODULES = YES;
				CLANG_ENABLE_OBJC_ARC = YES;
				CLANG_ENABLE_OBJC_WEAK = YES;
				CLANG_WARN_BLOCK_CAPTURE_AUTORELEASING = YES;
				CLANG_WARN_BOOL_CONVERSION = YES;
				CLANG_WARN_COMMA = YES;
				CLANG_WARN_CONSTANT_CONVERSION = YES;
				CLANG_WARN_DEPRECATED_OBJC_IMPLEMENTATIONS = YES;
				CLANG_WARN_DIRECT_OBJC_ISA_USAGE = YES_ERROR;
				CLANG_WARN_DOCUMENTATION_COMMENTS = YES;
				CLANG_WARN_EMPTY_BODY = YES;
				CLANG_WARN_ENUM_CONVERSION = YES;
				CLANG_WARN_INFINITE_RECURSION = YES;
				CLANG_WARN_INT_CONVERSION = YES;
				CLANG_WARN_NON_LITERAL_NULL_CONVERSION = YES;
				CLANG_WARN_OBJC_IMPLICIT_RETAIN_SELF = YES;
				CLANG_WARN_OBJC_LITERAL_CONVERSION = YES;
				CLANG_WARN_OBJC_ROOT_CLASS = YES_ERROR;
				CLANG_WARN_RANGE_LOOP_ANALYSIS = YES;
				CLANG_WARN_STRICT_PROTOTYPES = YES;
				CLANG_WARN_SUSPICIOUS_MOVE = YES;
				CLANG_WARN_UNGUARDED_AVAILABILITY = YES_AGGRESSIVE;
				CLANG_WARN_UNREACHABLE_CODE = YES;
				CLANG_WARN__DUPLICATE_METHOD_MATCH = YES;
				COPY_PHASE_STRIP = NO;
				DEBUG_INFORMATION_FORMAT = "dwarf-with-dsym";
				ENABLE_NS_ASSERTIONS = NO;
				ENABLE_STRICT_OBJC_MSGSEND = YES;
				GCC_C_LANGUAGE_STANDARD = gnu11;
				GCC_NO_COMMON_BLOCKS = YES;
				GCC_WARN_64_TO_32_BIT_CONVERSION = YES;
				GCC_WARN_ABOUT_RETURN_TYPE = YES_ERROR;
				GCC_WARN_UNDECLARED_SELECTOR = YES;
				GCC_WARN_UNINITIALIZED_AUTOS = YES_AGGRESSIVE;
				GCC_WARN_UNUSED_FUNCTION = YES;
				GCC_WARN_UNUSED_VARIABLE = YES;
				MACOSX_DEPLOYMENT_TARGET = 10.14;
				MTL_ENABLE_DEBUG_INFO = NO;
				MTL_FAST_MATH = YES;
				SDKROOT = macosx;
				SWIFT_COMPILATION_MODE = wholemodule;
				SWIFT_OPTIMIZATION_LEVEL = "-O";
			};
			name = Release;
		};
		338563B023D5FF5800F3BBFE /* Debug */ = {
			isa = XCBuildConfiguration;
			buildSettings = {
				ASSETCATALOG_COMPILER_APPICON_NAME = AppIcon;
				CODE_SIGN_ENTITLEMENTS = WinterAnimation/WinterAnimation.entitlements;
				CODE_SIGN_STYLE = Automatic;
				COMBINE_HIDPI_IMAGES = YES;
				DEVELOPMENT_TEAM = KY99KFG23J;
				ENABLE_HARDENED_RUNTIME = YES;
				INFOPLIST_FILE = WinterAnimation/Info.plist;
				LD_RUNPATH_SEARCH_PATHS = (
					"$(inherited)",
					"@executable_path/../Frameworks",
				);
				PRODUCT_BUNDLE_IDENTIFIER = ca.student.Ilana.WinterAnimation;
				PRODUCT_NAME = "$(TARGET_NAME)";
				SWIFT_VERSION = 5.0;
			};
			name = Debug;
		};
		338563B123D5FF5800F3BBFE /* Release */ = {
			isa = XCBuildConfiguration;
			buildSettings = {
				ASSETCATALOG_COMPILER_APPICON_NAME = AppIcon;
				CODE_SIGN_ENTITLEMENTS = WinterAnimation/WinterAnimation.entitlements;
				CODE_SIGN_STYLE = Automatic;
				COMBINE_HIDPI_IMAGES = YES;
				DEVELOPMENT_TEAM = KY99KFG23J;
				ENABLE_HARDENED_RUNTIME = YES;
				INFOPLIST_FILE = WinterAnimation/Info.plist;
				LD_RUNPATH_SEARCH_PATHS = (
					"$(inherited)",
					"@executable_path/../Frameworks",
				);
				PRODUCT_BUNDLE_IDENTIFIER = ca.student.Ilana.WinterAnimation;
				PRODUCT_NAME = "$(TARGET_NAME)";
				SWIFT_VERSION = 5.0;
			};
			name = Release;
		};
/* End XCBuildConfiguration section */

/* Begin XCConfigurationList section */
		3385639423D5FF4B00F3BBFE /* Build configuration list for PBXProject "WinterAnimation" */ = {
			isa = XCConfigurationList;
			buildConfigurations = (
				338563AD23D5FF5800F3BBFE /* Debug */,
				338563AE23D5FF5800F3BBFE /* Release */,
			);
			defaultConfigurationIsVisible = 0;
			defaultConfigurationName = Release;
		};
		338563AF23D5FF5800F3BBFE /* Build configuration list for PBXNativeTarget "WinterAnimation" */ = {
			isa = XCConfigurationList;
			buildConfigurations = (
				338563B023D5FF5800F3BBFE /* Debug */,
				338563B123D5FF5800F3BBFE /* Release */,
			);
			defaultConfigurationIsVisible = 0;
			defaultConfigurationName = Release;
		};
/* End XCConfigurationList section */
	};
	rootObject = 3385639123D5FF4B00F3BBFE /* Project object */;
}
